
Microsoft Visual Studio Solution File, Format Version 12.00
# Visual Studio Version 17
VisualStudioVersion = 17.14.36623.8 d17.14
MinimumVisualStudioVersion = 10.0.40219.1
Project("{FAE04EC0-301F-11D3-BF4B-00C04F79EFBC}") = "Burnaikin_ORIP", "Burnaikin_ORIP.csproj", "{2D0B7FDB-9181-FC40-5B76-AAB4D5D5B289}"
EndProject
Global
	GlobalSection(SolutionConfigurationPlatforms) = preSolution
		Debug|Any CPU = Debug|Any CPU
		Release|Any CPU = Release|Any CPU
	EndGlobalSection
	GlobalSection(ProjectConfigurationPlatforms) = postSolution
		{2D0B7FDB-9181-FC40-5B76-AAB4D5D5B289}.Debug|Any CPU.ActiveCfg = Debug|Any CPU
		{2D0B7FDB-9181-FC40-5B76-AAB4D5D5B289}.Debug|Any CPU.Build.0 = Debug|Any CPU
		{2D0B7FDB-9181-FC40-5B76-AAB4D5D5B289}.Release|Any CPU.ActiveCfg = Release|Any CPU
		{2D0B7FDB-9181-FC40-5B76-AAB4D5D5B289}.Release|Any CPU.Build.0 = Release|Any CPU
	EndGlobalSection
	GlobalSection(SolutionProperties) = preSolution
		HideSolutionNode = FALSE
	EndGlobalSection
	GlobalSection(ExtensibilityGlobals) = postSolution
		SolutionGuid = {01478B96-5B9E-4562-A3D2-0D81AED6C06E}
	EndGlobalSection
EndGlobal
